<?xml version="1.0" encoding="utf-8"?>
<Project ToolsVersion="4.0" xmlns="http://schemas.microsoft.com/developer/msbuild/2003">
  <ItemGroup>
    <Filter Include="Source Files">
      <UniqueIdentifier>{4dc86fda-fe96-4081-a54c-be06913d868f}</UniqueIdentifier>
      <Extensions>cpp;c;cxx;rc;def;r;odl;idl;hpj;bat</Extensions>
    </Filter>
    <Filter Include="Header Files">
      <UniqueIdentifier>{f647755d-8778-49ef-9822-3e909ba4503f}</UniqueIdentifier>
      <Extensions>h;hpp;hxx;hm;inl</Extensions>
    </Filter>
    <Filter Include="Resource Files">
      <UniqueIdentifier>{4567155c-af6f-4cd3-9fcb-f87ad9c5d5b1}</UniqueIdentifier>
      <Extensions>ico;cur;bmp;dlg;rc2;rct;bin;rgs;gif;jpg;jpeg;jpe</Extensions>
    </Filter>
    <Filter Include="misc">
      <UniqueIdentifier>{e8ba0537-c2e7-4877-bb41-df4d2546f8f1}</UniqueIdentifier>
    </Filter>
    <Filter Include="AI">
      <UniqueIdentifier>{6ea64463-1dc1-4749-9723-60c05dd84c7a}</UniqueIdentifier>
    </Filter>
    <Filter Include="AI\FSM">
      <UniqueIdentifier>{6eb028a6-5a13-44d9-8bc9-13d8c21a9461}</UniqueIdentifier>
    </Filter>
    <Filter Include="AI\BT">
      <UniqueIdentifier>{4687326c-471b-4861-ac36-35a4f9c6326f}</UniqueIdentifier>
    </Filter>
    <Filter Include="AI\RL">
      <UniqueIdentifier>{bf51f829-2304-4af2-96ec-9c0e89f6855f}</UniqueIdentifier>
    </Filter>
  </ItemGroup>
  <ItemGroup>
    <ClCompile Include="GameWorld.cpp">
      <Filter>Source Files</Filter>
    </ClCompile>
    <ClCompile Include="main.cpp">
      <Filter>Source Files</Filter>
    </ClCompile>
    <ClCompile Include="SteeringBehaviors.cpp">
      <Filter>Source Files</Filter>
    </ClCompile>
    <ClCompile Include="Obstacle.cpp">
      <Filter>misc</Filter>
    </ClCompile>
    <ClCompile Include="ParamLoader.cpp">
      <Filter>misc</Filter>
    </ClCompile>
    <ClCompile Include="Path.cpp">
      <Filter>misc</Filter>
    </ClCompile>
    <ClCompile Include="Common\2D\Vector2d.cpp">
      <Filter>misc</Filter>
    </ClCompile>
    <ClCompile Include="Common\Game\EntityManager.cpp">
      <Filter>misc</Filter>
    </ClCompile>
    <ClCompile Include="Common\misc\Cgdi.cpp">
      <Filter>misc</Filter>
    </ClCompile>
    <ClCompile Include="Common\misc\WindowUtils.cpp">
      <Filter>misc</Filter>
    </ClCompile>
    <ClCompile Include="Common\Time\PrecisionTimer.cpp">
      <Filter>misc</Filter>
    </ClCompile>
    <ClCompile Include="Common\misc\iniFileLoaderBase.cpp">
      <Filter>misc</Filter>
    </ClCompile>
    <ClCompile Include="Predator.cpp">
      <Filter>Source Files</Filter>
    </ClCompile>
    <ClCompile Include="Prey.cpp">
      <Filter>Source Files</Filter>
    </ClCompile>
    <ClCompile Include="Agent.cpp">
      <Filter>Source Files</Filter>
    </ClCompile>
    <ClCompile Include="SensorMemory.cpp">
      <Filter>Source Files</Filter>
    </ClCompile>
    <ClCompile Include="GameMap.cpp">
      <Filter>Source Files</Filter>
    </ClCompile>
    <ClCompile Include="Common\BT\BevTreeBasic.cpp">
      <Filter>AI\BT</Filter>
    </ClCompile>
    <ClCompile Include="AI\FSM\PredatorOwnedStates.cpp">
      <Filter>AI\FSM</Filter>
    </ClCompile>
    <ClCompile Include="AI\RL\QFunction.cpp">
      <Filter>AI\RL</Filter>
    </ClCompile>
    <ClCompile Include="Common\Debug\DebugConsole.cpp">
      <Filter>misc</Filter>
    </ClCompile>
    <ClCompile Include="AI\RL\QLearningDataIO.cpp">
      <Filter>AI\RL</Filter>
    </ClCompile>
    <ClCompile Include="AI\RL\CPrimitiveAction.cpp">
      <Filter>AI\RL</Filter>
    </ClCompile>
    <ClCompile Include="AI\RL\CAbstractionAction.cpp">
      <Filter>AI\RL</Filter>
    </ClCompile>
    <ClCompile Include="AI\RL\QLearning.cpp">
      <Filter>AI\RL</Filter>
    </ClCompile>
  </ItemGroup>
  <ItemGroup>
    <ClInclude Include="BaseGameEntity.h">
      <Filter>Header Files</Filter>
    </ClInclude>
    <ClInclude Include="constants.h">
      <Filter>Header Files</Filter>
    </ClInclude>
    <ClInclude Include="GameWorld.h">
      <Filter>Header Files</Filter>
    </ClInclude>
    <ClInclude Include="MovingEntity.h">
      <Filter>Header Files</Filter>
    </ClInclude>
    <ClInclude Include="SteeringBehaviors.h">
      <Filter>Header Files</Filter>
    </ClInclude>
    <ClInclude Include="resource.h">
      <Filter>Resource Files</Filter>
    </ClInclude>
    <ClInclude Include="..\Common\2D\geometry.h">
      <Filter>misc</Filter>
    </ClInclude>
    <ClInclude Include="Obstacle.h">
      <Filter>misc</Filter>
    </ClInclude>
    <ClInclude Include="ParamLoader.h">
      <Filter>misc</Filter>
    </ClInclude>
    <ClInclude Include="Path.h">
      <Filter>misc</Filter>
    </ClInclude>
    <ClInclude Include="..\Common\misc\Smoother.h">
      <Filter>misc</Filter>
    </ClInclude>
    <ClInclude Include="Common\2D\C2DMatrix.h">
      <Filter>misc</Filter>
    </ClInclude>
    <ClInclude Include="Common\2D\Vector2D.h">
      <Filter>misc</Filter>
    </ClInclude>
    <ClInclude Include="Common\2D\Wall2D.h">
      <Filter>misc</Filter>
    </ClInclude>
    <ClInclude Include="Common\Game\EntityManager.h">
      <Filter>misc</Filter>
    </ClInclude>
    <ClInclude Include="Common\Game\Region.h">
      <Filter>misc</Filter>
    </ClInclude>
    <ClInclude Include="Common\misc\CellSpacePartition.h">
      <Filter>misc</Filter>
    </ClInclude>
    <ClInclude Include="Common\misc\Cgdi.h">
      <Filter>misc</Filter>
    </ClInclude>
    <ClInclude Include="Common\misc\utils.h">
      <Filter>misc</Filter>
    </ClInclude>
    <ClInclude Include="Common\misc\WindowUtils.h">
      <Filter>misc</Filter>
    </ClInclude>
    <ClInclude Include="Common\Time\PrecisionTimer.h">
      <Filter>misc</Filter>
    </ClInclude>
    <ClInclude Include="Common\misc\iniFileLoaderBase.h">
      <Filter>misc</Filter>
    </ClInclude>
    <ClInclude Include="Predator.h">
      <Filter>Header Files</Filter>
    </ClInclude>
    <ClInclude Include="Prey.h">
      <Filter>Header Files</Filter>
    </ClInclude>
    <ClInclude Include="Agent.h">
      <Filter>Header Files</Filter>
    </ClInclude>
    <ClInclude Include="SensorMemory.h">
      <Filter>Header Files</Filter>
    </ClInclude>
    <ClInclude Include="GameMap.h">
      <Filter>Header Files</Filter>
    </ClInclude>
    <ClInclude Include="Zone.h">
      <Filter>Header Files</Filter>
    </ClInclude>
    <ClInclude Include="Judger.h">
      <Filter>Header Files</Filter>
    </ClInclude>
    <ClInclude Include="EntityFunctionTemplates.h">
      <Filter>misc</Filter>
    </ClInclude>
    <ClInclude Include="Common\TinyXML\tinystr.h">
      <Filter>misc</Filter>
    </ClInclude>
    <ClInclude Include="Common\TinyXML\tinyxml.h">
      <Filter>misc</Filter>
    </ClInclude>
    <ClInclude Include="Common\BT\Anydata.h">
      <Filter>AI\BT</Filter>
    </ClInclude>
    <ClInclude Include="Common\BT\BevNodeFactory.h">
      <Filter>AI\BT</Filter>
    </ClInclude>
    <ClInclude Include="Common\BT\BevTreeBasic.h">
      <Filter>AI\BT</Filter>
    </ClInclude>
    <ClInclude Include="AI\BT\BevTreeLocal.h">
      <Filter>AI\BT</Filter>
    </ClInclude>
    <ClInclude Include="AI\FSM\AgentState.h">
      <Filter>AI\FSM</Filter>
    </ClInclude>
    <ClInclude Include="AI\FSM\PredatorOwnedStates.h">
      <Filter>AI\FSM</Filter>
    </ClInclude>
    <ClInclude Include="AI\FSM\StateMachine.h">
      <Filter>AI\FSM</Filter>
    </ClInclude>
    <ClInclude Include="AI\RL\Action.h">
      <Filter>AI\RL</Filter>
    </ClInclude>
    <ClInclude Include="AI\RL\QFunction.h">
      <Filter>AI\RL</Filter>
    </ClInclude>
    <ClInclude Include="Common\Debug\DebugConsole.h">
      <Filter>misc</Filter>
    </ClInclude>
    <ClInclude Include="AI\RL\QLearningDataIO.h">
      <Filter>AI\RL</Filter>
    </ClInclude>
    <ClInclude Include="AI\RL\CPrimitiveAction.h">
      <Filter>AI\RL</Filter>
    </ClInclude>
    <ClInclude Include="AI\RL\CAbstractionAction.h">
      <Filter>AI\RL</Filter>
    </ClInclude>
    <ClInclude Include="AI\RL\QLearning.h">
      <Filter>AI\RL</Filter>
    </ClInclude>
    <ClInclude Include="AI\RL\State.h">
      <Filter>AI\RL</Filter>
    </ClInclude>
    <ClInclude Include="AI\RL\EnvModel.h">
      <Filter>AI\RL</Filter>
    </ClInclude>
    <ClInclude Include="ModelBevLearning.h">
      <Filter>AI\RL</Filter>
    </ClInclude>
    <ClInclude Include="StateBevLearning.h">
      <Filter>AI\RL</Filter>
    </ClInclude>
  </ItemGroup>
  <ItemGroup>
    <ResourceCompile Include="Script1.rc">
      <Filter>Resource Files</Filter>
    </ResourceCompile>
  </ItemGroup>
  <ItemGroup>
    <CustomBuild Include="params.ini">
      <Filter>Resource Files</Filter>
    </CustomBuild>
  </ItemGroup>
</Project>